// !$*UTF8*$!
{
	archiveVersion = 1;
	classes = {
	};
	objectVersion = 48;
	objects = {

/* Begin PBXBuildFile section */
		6808170C1FCB6D6900A47111 /* HUD_NF@2x.png in Resources */ = {isa = PBXBuildFile; fileRef = 6808170B1FCB6D6900A47111 /* HUD_NF@2x.png */; };
		6810CFC91FE92520002253D9 /* Assets.xcassets in Resources */ = {isa = PBXBuildFile; fileRef = 6810CFC81FE92520002253D9 /* Assets.xcassets */; };
		6857F2B1205828C900AAEA33 /* EasyAlertConfig.m in Sources */ = {isa = PBXBuildFile; fileRef = 6857F2AC205828C900AAEA33 /* EasyAlertConfig.m */; };
		6857F2B2205828C900AAEA33 /* EasyAlertGlobalConfig.m in Sources */ = {isa = PBXBuildFile; fileRef = 6857F2AE205828C900AAEA33 /* EasyAlertGlobalConfig.m */; };
		6857F2B3205828C900AAEA33 /* EasyAlertView.m in Sources */ = {isa = PBXBuildFile; fileRef = 6857F2B0205828C900AAEA33 /* EasyAlertView.m */; };
		6857F2B6205829A200AAEA33 /* EasyAlertTypes.m in Sources */ = {isa = PBXBuildFile; fileRef = 6857F2B5205829A200AAEA33 /* EasyAlertTypes.m */; };
		6863D8B1204ADE0C00964CB1 /* EasyShowUtils.m in Sources */ = {isa = PBXBuildFile; fileRef = 6863D89E204ADE0B00964CB1 /* EasyShowUtils.m */; };
		6863D8B2204ADE0C00964CB1 /* EasyShowLabel.m in Sources */ = {isa = PBXBuildFile; fileRef = 6863D89F204ADE0B00964CB1 /* EasyShowLabel.m */; };
		6863D8B3204ADE0C00964CB1 /* UIView+EasyShowExt.m in Sources */ = {isa = PBXBuildFile; fileRef = 6863D8A0204ADE0B00964CB1 /* UIView+EasyShowExt.m */; };
		6886C7A31FEE16B6001124B7 /* SecondViewController.m in Sources */ = {isa = PBXBuildFile; fileRef = 6886C7A21FEE16B6001124B7 /* SecondViewController.m */; };
		68CD44DD20D69C5900690207 /* Bugly.framework in Frameworks */ = {isa = PBXBuildFile; fileRef = 68CD44DC20D69C5900690207 /* Bugly.framework */; };
		68CD44E020D69EA500690207 /* SystemConfiguration.framework in Frameworks */ = {isa = PBXBuildFile; fileRef = 68CD44DF20D69EA500690207 /* SystemConfiguration.framework */; };
		68CD44E220D69EAC00690207 /* Security.framework in Frameworks */ = {isa = PBXBuildFile; fileRef = 68CD44E120D69EAC00690207 /* Security.framework */; };
		68CD44E420D69EC000690207 /* libz.tbd in Frameworks */ = {isa = PBXBuildFile; fileRef = 68CD44E320D69EC000690207 /* libz.tbd */; };
		ADCD9DCB2057A28F00EDFC62 /* EasyTextConfig.m in Sources */ = {isa = PBXBuildFile; fileRef = ADCD9DC32057A28F00EDFC62 /* EasyTextConfig.m */; };
		ADCD9DCC2057A28F00EDFC62 /* EasyTextView.m in Sources */ = {isa = PBXBuildFile; fileRef = ADCD9DC42057A28F00EDFC62 /* EasyTextView.m */; };
		ADCD9DCD2057A28F00EDFC62 /* EasyTextBgView.m in Sources */ = {isa = PBXBuildFile; fileRef = ADCD9DC92057A28F00EDFC62 /* EasyTextBgView.m */; };
		ADCD9DCE2057A28F00EDFC62 /* EasyTextGlobalConfig.m in Sources */ = {isa = PBXBuildFile; fileRef = ADCD9DCA2057A28F00EDFC62 /* EasyTextGlobalConfig.m */; };
		ADCD9DD62057A59300EDFC62 /* EasyLoadingGlobalConfig.m in Sources */ = {isa = PBXBuildFile; fileRef = ADCD9DD32057A59300EDFC62 /* EasyLoadingGlobalConfig.m */; };
		ADCD9DD72057A59300EDFC62 /* EasyLoadingView.m in Sources */ = {isa = PBXBuildFile; fileRef = ADCD9DD42057A59300EDFC62 /* EasyLoadingView.m */; };
		ADCD9DD82057A59300EDFC62 /* EasyLoadingConfig.m in Sources */ = {isa = PBXBuildFile; fileRef = ADCD9DD52057A59300EDFC62 /* EasyLoadingConfig.m */; };
		ADCD9DDB2057ACBF00EDFC62 /* EasyLoadingTypes.m in Sources */ = {isa = PBXBuildFile; fileRef = ADCD9DDA2057ACBF00EDFC62 /* EasyLoadingTypes.m */; };
		ADCD9DDE2057ADD300EDFC62 /* EasyTextTypes.m in Sources */ = {isa = PBXBuildFile; fileRef = ADCD9DDD2057ADD300EDFC62 /* EasyTextTypes.m */; };
		ADCD9DEE2057CFCE00EDFC62 /* EasyEmptyConfig.m in Sources */ = {isa = PBXBuildFile; fileRef = ADCD9DE42057CFCE00EDFC62 /* EasyEmptyConfig.m */; };
		ADCD9DEF2057CFCE00EDFC62 /* EasyEmptyView.m in Sources */ = {isa = PBXBuildFile; fileRef = ADCD9DE52057CFCE00EDFC62 /* EasyEmptyView.m */; };
		ADCD9DF02057CFCE00EDFC62 /* EasyEmptyGlobalConfig.m in Sources */ = {isa = PBXBuildFile; fileRef = ADCD9DEB2057CFCE00EDFC62 /* EasyEmptyGlobalConfig.m */; };
		ADCD9DF12057CFCE00EDFC62 /* EasyEmptyTypes.m in Sources */ = {isa = PBXBuildFile; fileRef = ADCD9DEC2057CFCE00EDFC62 /* EasyEmptyTypes.m */; };
		ADCD9DF72058AFA200EDFC62 /* EasyEmptyPart.m in Sources */ = {isa = PBXBuildFile; fileRef = ADCD9DF62058AFA200EDFC62 /* EasyEmptyPart.m */; };
		ADCD9DFA2058B21A00EDFC62 /* EasyAlertItem.m in Sources */ = {isa = PBXBuildFile; fileRef = ADCD9DF92058B21A00EDFC62 /* EasyAlertItem.m */; };
		ADCD9DFD2058D35A00EDFC62 /* EasyAlertPart.m in Sources */ = {isa = PBXBuildFile; fileRef = ADCD9DFC2058D35A00EDFC62 /* EasyAlertPart.m */; };
		ADD80A1C1FC7AA28005908C4 /* AppDelegate.m in Sources */ = {isa = PBXBuildFile; fileRef = ADD80A1B1FC7AA28005908C4 /* AppDelegate.m */; };
		ADD80A1F1FC7AA28005908C4 /* ViewController.m in Sources */ = {isa = PBXBuildFile; fileRef = ADD80A1E1FC7AA28005908C4 /* ViewController.m */; };
		ADD80A221FC7AA28005908C4 /* Main.storyboard in Resources */ = {isa = PBXBuildFile; fileRef = ADD80A201FC7AA28005908C4 /* Main.storyboard */; };
		ADD80A271FC7AA28005908C4 /* LaunchScreen.storyboard in Resources */ = {isa = PBXBuildFile; fileRef = ADD80A251FC7AA28005908C4 /* LaunchScreen.storyboard */; };
		ADD80A2A1FC7AA28005908C4 /* main.m in Sources */ = {isa = PBXBuildFile; fileRef = ADD80A291FC7AA28005908C4 /* main.m */; };
		ADD80A341FC7AA28005908C4 /* EasyShowViewDemoUITests.m in Sources */ = {isa = PBXBuildFile; fileRef = ADD80A331FC7AA28005908C4 /* EasyShowViewDemoUITests.m */; };
/* End PBXBuildFile section */

/* Begin PBXContainerItemProxy section */
		ADD80A301FC7AA28005908C4 /* PBXContainerItemProxy */ = {
			isa = PBXContainerItemProxy;
			containerPortal = ADD80A0F1FC7AA28005908C4 /* Project object */;
			proxyType = 1;
			remoteGlobalIDString = ADD80A161FC7AA28005908C4;
			remoteInfo = EasyShowViewDemo;
		};
/* End PBXContainerItemProxy section */

/* Begin PBXFileReference section */
		6808170B1FCB6D6900A47111 /* HUD_NF@2x.png */ = {isa = PBXFileReference; lastKnownFileType = image.png; path = "HUD_NF@2x.png"; sourceTree = "<group>"; };
		6810CFC81FE92520002253D9 /* Assets.xcassets */ = {isa = PBXFileReference; lastKnownFileType = folder.assetcatalog; path = Assets.xcassets; sourceTree = "<group>"; };
		6857F2AB205828C900AAEA33 /* EasyAlertGlobalConfig.h */ = {isa = PBXFileReference; fileEncoding = 4; lastKnownFileType = sourcecode.c.h; path = EasyAlertGlobalConfig.h; sourceTree = "<group>"; };
		6857F2AC205828C900AAEA33 /* EasyAlertConfig.m */ = {isa = PBXFileReference; fileEncoding = 4; lastKnownFileType = sourcecode.c.objc; path = EasyAlertConfig.m; sourceTree = "<group>"; };
		6857F2AD205828C900AAEA33 /* EasyAlertView.h */ = {isa = PBXFileReference; fileEncoding = 4; lastKnownFileType = sourcecode.c.h; path = EasyAlertView.h; sourceTree = "<group>"; };
		6857F2AE205828C900AAEA33 /* EasyAlertGlobalConfig.m */ = {isa = PBXFileReference; fileEncoding = 4; lastKnownFileType = sourcecode.c.objc; path = EasyAlertGlobalConfig.m; sourceTree = "<group>"; };
		6857F2AF205828C900AAEA33 /* EasyAlertConfig.h */ = {isa = PBXFileReference; fileEncoding = 4; lastKnownFileType = sourcecode.c.h; path = EasyAlertConfig.h; sourceTree = "<group>"; };
		6857F2B0205828C900AAEA33 /* EasyAlertView.m */ = {isa = PBXFileReference; fileEncoding = 4; lastKnownFileType = sourcecode.c.objc; path = EasyAlertView.m; sourceTree = "<group>"; };
		6857F2B4205829A200AAEA33 /* EasyAlertTypes.h */ = {isa = PBXFileReference; lastKnownFileType = sourcecode.c.h; path = EasyAlertTypes.h; sourceTree = "<group>"; };
		6857F2B5205829A200AAEA33 /* EasyAlertTypes.m */ = {isa = PBXFileReference; lastKnownFileType = sourcecode.c.objc; path = EasyAlertTypes.m; sourceTree = "<group>"; };
		6863D89D204ADE0B00964CB1 /* UIView+EasyShowExt.h */ = {isa = PBXFileReference; fileEncoding = 4; lastKnownFileType = sourcecode.c.h; path = "UIView+EasyShowExt.h"; sourceTree = "<group>"; };
		6863D89E204ADE0B00964CB1 /* EasyShowUtils.m */ = {isa = PBXFileReference; fileEncoding = 4; lastKnownFileType = sourcecode.c.objc; path = EasyShowUtils.m; sourceTree = "<group>"; };
		6863D89F204ADE0B00964CB1 /* EasyShowLabel.m */ = {isa = PBXFileReference; fileEncoding = 4; lastKnownFileType = sourcecode.c.objc; path = EasyShowLabel.m; sourceTree = "<group>"; };
		6863D8A0204ADE0B00964CB1 /* UIView+EasyShowExt.m */ = {isa = PBXFileReference; fileEncoding = 4; lastKnownFileType = sourcecode.c.objc; path = "UIView+EasyShowExt.m"; sourceTree = "<group>"; };
		6863D8A1204ADE0B00964CB1 /* EasyShowLabel.h */ = {isa = PBXFileReference; fileEncoding = 4; lastKnownFileType = sourcecode.c.h; path = EasyShowLabel.h; sourceTree = "<group>"; };
		6863D8A2204ADE0B00964CB1 /* EasyShowUtils.h */ = {isa = PBXFileReference; fileEncoding = 4; lastKnownFileType = sourcecode.c.h; path = EasyShowUtils.h; sourceTree = "<group>"; };
		68672FBA1FF3E6B700B7CA4E /* EasyShowView.h */ = {isa = PBXFileReference; lastKnownFileType = sourcecode.c.h; path = EasyShowView.h; sourceTree = "<group>"; };
		6886C7A11FEE16B6001124B7 /* SecondViewController.h */ = {isa = PBXFileReference; lastKnownFileType = sourcecode.c.h; path = SecondViewController.h; sourceTree = "<group>"; };
		6886C7A21FEE16B6001124B7 /* SecondViewController.m */ = {isa = PBXFileReference; lastKnownFileType = sourcecode.c.objc; path = SecondViewController.m; sourceTree = "<group>"; };
		68CD44DC20D69C5900690207 /* Bugly.framework */ = {isa = PBXFileReference; lastKnownFileType = wrapper.framework; path = Bugly.framework; sourceTree = "<group>"; };
		68CD44DF20D69EA500690207 /* SystemConfiguration.framework */ = {isa = PBXFileReference; lastKnownFileType = wrapper.framework; name = SystemConfiguration.framework; path = System/Library/Frameworks/SystemConfiguration.framework; sourceTree = SDKROOT; };
		68CD44E120D69EAC00690207 /* Security.framework */ = {isa = PBXFileReference; lastKnownFileType = wrapper.framework; name = Security.framework; path = System/Library/Frameworks/Security.framework; sourceTree = SDKROOT; };
		68CD44E320D69EC000690207 /* libz.tbd */ = {isa = PBXFileReference; lastKnownFileType = "sourcecode.text-based-dylib-definition"; name = libz.tbd; path = usr/lib/libz.tbd; sourceTree = SDKROOT; };
		ADCD9DC32057A28F00EDFC62 /* EasyTextConfig.m */ = {isa = PBXFileReference; fileEncoding = 4; lastKnownFileType = sourcecode.c.objc; path = EasyTextConfig.m; sourceTree = "<group>"; };
		ADCD9DC42057A28F00EDFC62 /* EasyTextView.m */ = {isa = PBXFileReference; fileEncoding = 4; lastKnownFileType = sourcecode.c.objc; path = EasyTextView.m; sourceTree = "<group>"; };
		ADCD9DC52057A28F00EDFC62 /* EasyTextBgView.h */ = {isa = PBXFileReference; fileEncoding = 4; lastKnownFileType = sourcecode.c.h; path = EasyTextBgView.h; sourceTree = "<group>"; };
		ADCD9DC62057A28F00EDFC62 /* EasyTextGlobalConfig.h */ = {isa = PBXFileReference; fileEncoding = 4; lastKnownFileType = sourcecode.c.h; path = EasyTextGlobalConfig.h; sourceTree = "<group>"; };
		ADCD9DC72057A28F00EDFC62 /* EasyTextConfig.h */ = {isa = PBXFileReference; fileEncoding = 4; lastKnownFileType = sourcecode.c.h; path = EasyTextConfig.h; sourceTree = "<group>"; };
		ADCD9DC82057A28F00EDFC62 /* EasyTextView.h */ = {isa = PBXFileReference; fileEncoding = 4; lastKnownFileType = sourcecode.c.h; path = EasyTextView.h; sourceTree = "<group>"; };
		ADCD9DC92057A28F00EDFC62 /* EasyTextBgView.m */ = {isa = PBXFileReference; fileEncoding = 4; lastKnownFileType = sourcecode.c.objc; path = EasyTextBgView.m; sourceTree = "<group>"; };
		ADCD9DCA2057A28F00EDFC62 /* EasyTextGlobalConfig.m */ = {isa = PBXFileReference; fileEncoding = 4; lastKnownFileType = sourcecode.c.objc; path = EasyTextGlobalConfig.m; sourceTree = "<group>"; };
		ADCD9DD02057A59300EDFC62 /* EasyLoadingConfig.h */ = {isa = PBXFileReference; fileEncoding = 4; lastKnownFileType = sourcecode.c.h; path = EasyLoadingConfig.h; sourceTree = "<group>"; };
		ADCD9DD12057A59300EDFC62 /* EasyLoadingView.h */ = {isa = PBXFileReference; fileEncoding = 4; lastKnownFileType = sourcecode.c.h; path = EasyLoadingView.h; sourceTree = "<group>"; };
		ADCD9DD22057A59300EDFC62 /* EasyLoadingGlobalConfig.h */ = {isa = PBXFileReference; fileEncoding = 4; lastKnownFileType = sourcecode.c.h; path = EasyLoadingGlobalConfig.h; sourceTree = "<group>"; };
		ADCD9DD32057A59300EDFC62 /* EasyLoadingGlobalConfig.m */ = {isa = PBXFileReference; fileEncoding = 4; lastKnownFileType = sourcecode.c.objc; path = EasyLoadingGlobalConfig.m; sourceTree = "<group>"; };
		ADCD9DD42057A59300EDFC62 /* EasyLoadingView.m */ = {isa = PBXFileReference; fileEncoding = 4; lastKnownFileType = sourcecode.c.objc; path = EasyLoadingView.m; sourceTree = "<group>"; };
		ADCD9DD52057A59300EDFC62 /* EasyLoadingConfig.m */ = {isa = PBXFileReference; fileEncoding = 4; lastKnownFileType = sourcecode.c.objc; path = EasyLoadingConfig.m; sourceTree = "<group>"; };
		ADCD9DD92057ACBF00EDFC62 /* EasyLoadingTypes.h */ = {isa = PBXFileReference; lastKnownFileType = sourcecode.c.h; path = EasyLoadingTypes.h; sourceTree = "<group>"; };
		ADCD9DDA2057ACBF00EDFC62 /* EasyLoadingTypes.m */ = {isa = PBXFileReference; lastKnownFileType = sourcecode.c.objc; path = EasyLoadingTypes.m; sourceTree = "<group>"; };
		ADCD9DDC2057ADD300EDFC62 /* EasyTextTypes.h */ = {isa = PBXFileReference; lastKnownFileType = sourcecode.c.h; path = EasyTextTypes.h; sourceTree = "<group>"; };
		ADCD9DDD2057ADD300EDFC62 /* EasyTextTypes.m */ = {isa = PBXFileReference; lastKnownFileType = sourcecode.c.objc; path = EasyTextTypes.m; sourceTree = "<group>"; };
		ADCD9DE42057CFCE00EDFC62 /* EasyEmptyConfig.m */ = {isa = PBXFileReference; fileEncoding = 4; lastKnownFileType = sourcecode.c.objc; path = EasyEmptyConfig.m; sourceTree = "<group>"; };
		ADCD9DE52057CFCE00EDFC62 /* EasyEmptyView.m */ = {isa = PBXFileReference; fileEncoding = 4; lastKnownFileType = sourcecode.c.objc; path = EasyEmptyView.m; sourceTree = "<group>"; };
		ADCD9DE62057CFCE00EDFC62 /* EasyEmptyTypes.h */ = {isa = PBXFileReference; fileEncoding = 4; lastKnownFileType = sourcecode.c.h; path = EasyEmptyTypes.h; sourceTree = "<group>"; };
		ADCD9DE72057CFCE00EDFC62 /* EasyEmptyGlobalConfig.h */ = {isa = PBXFileReference; fileEncoding = 4; lastKnownFileType = sourcecode.c.h; path = EasyEmptyGlobalConfig.h; sourceTree = "<group>"; };
		ADCD9DE92057CFCE00EDFC62 /* EasyEmptyView.h */ = {isa = PBXFileReference; fileEncoding = 4; lastKnownFileType = sourcecode.c.h; path = EasyEmptyView.h; sourceTree = "<group>"; };
		ADCD9DEA2057CFCE00EDFC62 /* EasyEmptyConfig.h */ = {isa = PBXFileReference; fileEncoding = 4; lastKnownFileType = sourcecode.c.h; path = EasyEmptyConfig.h; sourceTree = "<group>"; };
		ADCD9DEB2057CFCE00EDFC62 /* EasyEmptyGlobalConfig.m */ = {isa = PBXFileReference; fileEncoding = 4; lastKnownFileType = sourcecode.c.objc; path = EasyEmptyGlobalConfig.m; sourceTree = "<group>"; };
		ADCD9DEC2057CFCE00EDFC62 /* EasyEmptyTypes.m */ = {isa = PBXFileReference; fileEncoding = 4; lastKnownFileType = sourcecode.c.objc; path = EasyEmptyTypes.m; sourceTree = "<group>"; };
		ADCD9DF52058AFA200EDFC62 /* EasyEmptyPart.h */ = {isa = PBXFileReference; lastKnownFileType = sourcecode.c.h; path = EasyEmptyPart.h; sourceTree = "<group>"; };
		ADCD9DF62058AFA200EDFC62 /* EasyEmptyPart.m */ = {isa = PBXFileReference; lastKnownFileType = sourcecode.c.objc; path = EasyEmptyPart.m; sourceTree = "<group>"; };
		ADCD9DF82058B21A00EDFC62 /* EasyAlertItem.h */ = {isa = PBXFileReference; lastKnownFileType = sourcecode.c.h; path = EasyAlertItem.h; sourceTree = "<group>"; };
		ADCD9DF92058B21A00EDFC62 /* EasyAlertItem.m */ = {isa = PBXFileReference; lastKnownFileType = sourcecode.c.objc; path = EasyAlertItem.m; sourceTree = "<group>"; };
		ADCD9DFB2058D35A00EDFC62 /* EasyAlertPart.h */ = {isa = PBXFileReference; lastKnownFileType = sourcecode.c.h; path = EasyAlertPart.h; sourceTree = "<group>"; };
		ADCD9DFC2058D35A00EDFC62 /* EasyAlertPart.m */ = {isa = PBXFileReference; lastKnownFileType = sourcecode.c.objc; path = EasyAlertPart.m; sourceTree = "<group>"; };
		ADD80A171FC7AA28005908C4 /* EasyShowViewDemo.app */ = {isa = PBXFileReference; explicitFileType = wrapper.application; includeInIndex = 0; path = EasyShowViewDemo.app; sourceTree = BUILT_PRODUCTS_DIR; };
		ADD80A1A1FC7AA28005908C4 /* AppDelegate.h */ = {isa = PBXFileReference; lastKnownFileType = sourcecode.c.h; path = AppDelegate.h; sourceTree = "<group>"; };
		ADD80A1B1FC7AA28005908C4 /* AppDelegate.m */ = {isa = PBXFileReference; lastKnownFileType = sourcecode.c.objc; path = AppDelegate.m; sourceTree = "<group>"; };
		ADD80A1D1FC7AA28005908C4 /* ViewController.h */ = {isa = PBXFileReference; lastKnownFileType = sourcecode.c.h; path = ViewController.h; sourceTree = "<group>"; };
		ADD80A1E1FC7AA28005908C4 /* ViewController.m */ = {isa = PBXFileReference; lastKnownFileType = sourcecode.c.objc; path = ViewController.m; sourceTree = "<group>"; };
		ADD80A211FC7AA28005908C4 /* Base */ = {isa = PBXFileReference; lastKnownFileType = file.storyboard; name = Base; path = Base.lproj/Main.storyboard; sourceTree = "<group>"; };
		ADD80A261FC7AA28005908C4 /* Base */ = {isa = PBXFileReference; lastKnownFileType = file.storyboard; name = Base; path = Base.lproj/LaunchScreen.storyboard; sourceTree = "<group>"; };
		ADD80A281FC7AA28005908C4 /* Info.plist */ = {isa = PBXFileReference; lastKnownFileType = text.plist.xml; path = Info.plist; sourceTree = "<group>"; };
		ADD80A291FC7AA28005908C4 /* main.m */ = {isa = PBXFileReference; lastKnownFileType = sourcecode.c.objc; path = main.m; sourceTree = "<group>"; };
		ADD80A2F1FC7AA28005908C4 /* EasyShowViewDemoUITests.xctest */ = {isa = PBXFileReference; explicitFileType = wrapper.cfbundle; includeInIndex = 0; path = EasyShowViewDemoUITests.xctest; sourceTree = BUILT_PRODUCTS_DIR; };
		ADD80A331FC7AA28005908C4 /* EasyShowViewDemoUITests.m */ = {isa = PBXFileReference; lastKnownFileType = sourcecode.c.objc; path = EasyShowViewDemoUITests.m; sourceTree = "<group>"; };
		ADD80A351FC7AA29005908C4 /* Info.plist */ = {isa = PBXFileReference; lastKnownFileType = text.plist.xml; path = Info.plist; sourceTree = "<group>"; };
/* End PBXFileReference section */

/* Begin PBXFrameworksBuildPhase section */
		ADD80A141FC7AA28005908C4 /* Frameworks */ = {
			isa = PBXFrameworksBuildPhase;
			buildActionMask = 2147483647;
			files = (
				68CD44E420D69EC000690207 /* libz.tbd in Frameworks */,
				68CD44E220D69EAC00690207 /* Security.framework in Frameworks */,
				68CD44E020D69EA500690207 /* SystemConfiguration.framework in Frameworks */,
				68CD44DD20D69C5900690207 /* Bugly.framework in Frameworks */,
			);
			runOnlyForDeploymentPostprocessing = 0;
		};
		ADD80A2C1FC7AA28005908C4 /* Frameworks */ = {
			isa = PBXFrameworksBuildPhase;
			buildActionMask = 2147483647;
			files = (
			);
			runOnlyForDeploymentPostprocessing = 0;
		};
/* End PBXFrameworksBuildPhase section */

/* Begin PBXGroup section */
		6857F2AA205828C900AAEA33 /* EasyAlert */ = {
			isa = PBXGroup;
			children = (
				6857F2AD205828C900AAEA33 /* EasyAlertView.h */,
				6857F2B0205828C900AAEA33 /* EasyAlertView.m */,
				ADCD9DFB2058D35A00EDFC62 /* EasyAlertPart.h */,
				ADCD9DFC2058D35A00EDFC62 /* EasyAlertPart.m */,
				ADCD9DF82058B21A00EDFC62 /* EasyAlertItem.h */,
				ADCD9DF92058B21A00EDFC62 /* EasyAlertItem.m */,
				6857F2AF205828C900AAEA33 /* EasyAlertConfig.h */,
				6857F2AC205828C900AAEA33 /* EasyAlertConfig.m */,
				6857F2AB205828C900AAEA33 /* EasyAlertGlobalConfig.h */,
				6857F2AE205828C900AAEA33 /* EasyAlertGlobalConfig.m */,
				6857F2B4205829A200AAEA33 /* EasyAlertTypes.h */,
				6857F2B5205829A200AAEA33 /* EasyAlertTypes.m */,
			);
			path = EasyAlert;
			sourceTree = "<group>";
		};
		6863D89C204ADE0B00964CB1 /* EasyShowUtils */ = {
			isa = PBXGroup;
			children = (
				6863D8A2204ADE0B00964CB1 /* EasyShowUtils.h */,
				6863D89E204ADE0B00964CB1 /* EasyShowUtils.m */,
				6863D89D204ADE0B00964CB1 /* UIView+EasyShowExt.h */,
				6863D8A0204ADE0B00964CB1 /* UIView+EasyShowExt.m */,
				6863D8A1204ADE0B00964CB1 /* EasyShowLabel.h */,
				6863D89F204ADE0B00964CB1 /* EasyShowLabel.m */,
			);
			path = EasyShowUtils;
			sourceTree = "<group>";
		};
		68CD44DE20D69EA500690207 /* Frameworks */ = {
			isa = PBXGroup;
			children = (
				68CD44E320D69EC000690207 /* libz.tbd */,
				68CD44E120D69EAC00690207 /* Security.framework */,
				68CD44DF20D69EA500690207 /* SystemConfiguration.framework */,
			);
			name = Frameworks;
			sourceTree = "<group>";
		};
		ADCD9DC22057A28F00EDFC62 /* EasyText */ = {
			isa = PBXGroup;
			children = (
				ADCD9DC82057A28F00EDFC62 /* EasyTextView.h */,
				ADCD9DC42057A28F00EDFC62 /* EasyTextView.m */,
				ADCD9DC52057A28F00EDFC62 /* EasyTextBgView.h */,
				ADCD9DC92057A28F00EDFC62 /* EasyTextBgView.m */,
				ADCD9DC72057A28F00EDFC62 /* EasyTextConfig.h */,
				ADCD9DC32057A28F00EDFC62 /* EasyTextConfig.m */,
				ADCD9DC62057A28F00EDFC62 /* EasyTextGlobalConfig.h */,
				ADCD9DCA2057A28F00EDFC62 /* EasyTextGlobalConfig.m */,
				ADCD9DDC2057ADD300EDFC62 /* EasyTextTypes.h */,
				ADCD9DDD2057ADD300EDFC62 /* EasyTextTypes.m */,
			);
			path = EasyText;
			sourceTree = "<group>";
		};
		ADCD9DCF2057A59300EDFC62 /* EasyLoading */ = {
			isa = PBXGroup;
			children = (
				ADCD9DD12057A59300EDFC62 /* EasyLoadingView.h */,
				ADCD9DD42057A59300EDFC62 /* EasyLoadingView.m */,
				ADCD9DD02057A59300EDFC62 /* EasyLoadingConfig.h */,
				ADCD9DD52057A59300EDFC62 /* EasyLoadingConfig.m */,
				ADCD9DD22057A59300EDFC62 /* EasyLoadingGlobalConfig.h */,
				ADCD9DD32057A59300EDFC62 /* EasyLoadingGlobalConfig.m */,
				ADCD9DD92057ACBF00EDFC62 /* EasyLoadingTypes.h */,
				ADCD9DDA2057ACBF00EDFC62 /* EasyLoadingTypes.m */,
			);
			path = EasyLoading;
			sourceTree = "<group>";
		};
		ADCD9DE22057CFCE00EDFC62 /* EasyEmpty */ = {
			isa = PBXGroup;
			children = (
				ADCD9DE92057CFCE00EDFC62 /* EasyEmptyView.h */,
				ADCD9DE52057CFCE00EDFC62 /* EasyEmptyView.m */,
				ADCD9DF52058AFA200EDFC62 /* EasyEmptyPart.h */,
				ADCD9DF62058AFA200EDFC62 /* EasyEmptyPart.m */,
				ADCD9DEA2057CFCE00EDFC62 /* EasyEmptyConfig.h */,
				ADCD9DE42057CFCE00EDFC62 /* EasyEmptyConfig.m */,
				ADCD9DE72057CFCE00EDFC62 /* EasyEmptyGlobalConfig.h */,
				ADCD9DEB2057CFCE00EDFC62 /* EasyEmptyGlobalConfig.m */,
				ADCD9DE62057CFCE00EDFC62 /* EasyEmptyTypes.h */,
				ADCD9DEC2057CFCE00EDFC62 /* EasyEmptyTypes.m */,
			);
			path = EasyEmpty;
			sourceTree = "<group>";
		};
		ADD80A0E1FC7AA28005908C4 = {
			isa = PBXGroup;
			children = (
				ADD80A3E1FC7ACFD005908C4 /* EasyShowView */,
				ADD80A191FC7AA28005908C4 /* EasyShowViewDemo */,
				ADD80A321FC7AA28005908C4 /* EasyShowViewDemoUITests */,
				ADD80A181FC7AA28005908C4 /* Products */,
				68CD44DE20D69EA500690207 /* Frameworks */,
			);
			sourceTree = "<group>";
		};
		ADD80A181FC7AA28005908C4 /* Products */ = {
			isa = PBXGroup;
			children = (
				ADD80A171FC7AA28005908C4 /* EasyShowViewDemo.app */,
				ADD80A2F1FC7AA28005908C4 /* EasyShowViewDemoUITests.xctest */,
			);
			name = Products;
			sourceTree = "<group>";
		};
		ADD80A191FC7AA28005908C4 /* EasyShowViewDemo */ = {
			isa = PBXGroup;
			children = (
				ADD80A1A1FC7AA28005908C4 /* AppDelegate.h */,
				ADD80A1B1FC7AA28005908C4 /* AppDelegate.m */,
				ADD80A1D1FC7AA28005908C4 /* ViewController.h */,
				ADD80A1E1FC7AA28005908C4 /* ViewController.m */,
				6886C7A11FEE16B6001124B7 /* SecondViewController.h */,
				6886C7A21FEE16B6001124B7 /* SecondViewController.m */,
				6808170B1FCB6D6900A47111 /* HUD_NF@2x.png */,
				ADD80A201FC7AA28005908C4 /* Main.storyboard */,
				ADD80A251FC7AA28005908C4 /* LaunchScreen.storyboard */,
				6810CFC81FE92520002253D9 /* Assets.xcassets */,
				ADD80A281FC7AA28005908C4 /* Info.plist */,
				ADD80A291FC7AA28005908C4 /* main.m */,
				68CD44DC20D69C5900690207 /* Bugly.framework */,
			);
			path = EasyShowViewDemo;
			sourceTree = "<group>";
		};
		ADD80A321FC7AA28005908C4 /* EasyShowViewDemoUITests */ = {
			isa = PBXGroup;
			children = (
				ADD80A331FC7AA28005908C4 /* EasyShowViewDemoUITests.m */,
				ADD80A351FC7AA29005908C4 /* Info.plist */,
			);
			path = EasyShowViewDemoUITests;
			sourceTree = "<group>";
		};
		ADD80A3E1FC7ACFD005908C4 /* EasyShowView */ = {
			isa = PBXGroup;
			children = (
				68672FBA1FF3E6B700B7CA4E /* EasyShowView.h */,
				ADCD9DC22057A28F00EDFC62 /* EasyText */,
				ADCD9DCF2057A59300EDFC62 /* EasyLoading */,
				ADCD9DE22057CFCE00EDFC62 /* EasyEmpty */,
				6857F2AA205828C900AAEA33 /* EasyAlert */,
				6863D89C204ADE0B00964CB1 /* EasyShowUtils */,
			);
			path = EasyShowView;
			sourceTree = "<group>";
		};
/* End PBXGroup section */

/* Begin PBXNativeTarget section */
		ADD80A161FC7AA28005908C4 /* EasyShowViewDemo */ = {
			isa = PBXNativeTarget;
			buildConfigurationList = ADD80A381FC7AA29005908C4 /* Build configuration list for PBXNativeTarget "EasyShowViewDemo" */;
			buildPhases = (
				ADD80A131FC7AA28005908C4 /* Sources */,
				ADD80A141FC7AA28005908C4 /* Frameworks */,
				ADD80A151FC7AA28005908C4 /* Resources */,
			);
			buildRules = (
			);
			dependencies = (
			);
			name = EasyShowViewDemo;
			productName = EasyShowViewDemo;
			productReference = ADD80A171FC7AA28005908C4 /* EasyShowViewDemo.app */;
			productType = "com.apple.product-type.application";
		};
		ADD80A2E1FC7AA28005908C4 /* EasyShowViewDemoUITests */ = {
			isa = PBXNativeTarget;
			buildConfigurationList = ADD80A3B1FC7AA29005908C4 /* Build configuration list for PBXNativeTarget "EasyShowViewDemoUITests" */;
			buildPhases = (
				ADD80A2B1FC7AA28005908C4 /* Sources */,
				ADD80A2C1FC7AA28005908C4 /* Frameworks */,
				ADD80A2D1FC7AA28005908C4 /* Resources */,
			);
			buildRules = (
			);
			dependencies = (
				ADD80A311FC7AA28005908C4 /* PBXTargetDependency */,
			);
			name = EasyShowViewDemoUITests;
			productName = EasyShowViewDemoUITests;
			productReference = ADD80A2F1FC7AA28005908C4 /* EasyShowViewDemoUITests.xctest */;
			productType = "com.apple.product-type.bundle.ui-testing";
		};
/* End PBXNativeTarget section */

/* Begin PBXProject section */
		ADD80A0F1FC7AA28005908C4 /* Project object */ = {
			isa = PBXProject;
			attributes = {
				LastUpgradeCheck = 0910;
				ORGANIZATIONNAME = chenliangloveyou;
				TargetAttributes = {
					ADD80A161FC7AA28005908C4 = {
						CreatedOnToolsVersion = 9.1;
						ProvisioningStyle = Automatic;
					};
					ADD80A2E1FC7AA28005908C4 = {
						CreatedOnToolsVersion = 9.1;
						ProvisioningStyle = Automatic;
						TestTargetID = ADD80A161FC7AA28005908C4;
					};
				};
			};
			buildConfigurationList = ADD80A121FC7AA28005908C4 /* Build configuration list for PBXProject "EasyShowViewDemo" */;
			compatibilityVersion = "Xcode 8.0";
			developmentRegion = en;
			hasScannedForEncodings = 0;
			knownRegions = (
				en,
				Base,
			);
			mainGroup = ADD80A0E1FC7AA28005908C4;
			productRefGroup = ADD80A181FC7AA28005908C4 /* Products */;
			projectDirPath = "";
			projectRoot = "";
			targets = (
				ADD80A161FC7AA28005908C4 /* EasyShowViewDemo */,
				ADD80A2E1FC7AA28005908C4 /* EasyShowViewDemoUITests */,
			);
		};
/* End PBXProject section */

/* Begin PBXResourcesBuildPhase section */
		ADD80A151FC7AA28005908C4 /* Resources */ = {
			isa = PBXResourcesBuildPhase;
			buildActionMask = 2147483647;
			files = (
				6808170C1FCB6D6900A47111 /* HUD_NF@2x.png in Resources */,
				ADD80A271FC7AA28005908C4 /* LaunchScreen.storyboard in Resources */,
				ADD80A221FC7AA28005908C4 /* Main.storyboard in Resources */,
				6810CFC91FE92520002253D9 /* Assets.xcassets in Resources */,
			);
			runOnlyForDeploymentPostprocessing = 0;
		};
		ADD80A2D1FC7AA28005908C4 /* Resources */ = {
			isa = PBXResourcesBuildPhase;
			buildActionMask = 2147483647;
			files = (
			);
			runOnlyForDeploymentPostprocessing = 0;
		};
/* End PBXResourcesBuildPhase section */

/* Begin PBXSourcesBuildPhase section */
		ADD80A131FC7AA28005908C4 /* Sources */ = {
			isa = PBXSourcesBuildPhase;
			buildActionMask = 2147483647;
			files = (
				ADCD9DDB2057ACBF00EDFC62 /* EasyLoadingTypes.m in Sources */,
				ADCD9DCC2057A28F00EDFC62 /* EasyTextView.m in Sources */,
				6857F2B3205828C900AAEA33 /* EasyAlertView.m in Sources */,
				ADCD9DD82057A59300EDFC62 /* EasyLoadingConfig.m in Sources */,
				ADCD9DD72057A59300EDFC62 /* EasyLoadingView.m in Sources */,
				ADCD9DCB2057A28F00EDFC62 /* EasyTextConfig.m in Sources */,
				ADCD9DDE2057ADD300EDFC62 /* EasyTextTypes.m in Sources */,
				ADCD9DCD2057A28F00EDFC62 /* EasyTextBgView.m in Sources */,
				6886C7A31FEE16B6001124B7 /* SecondViewController.m in Sources */,
				ADCD9DF12057CFCE00EDFC62 /* EasyEmptyTypes.m in Sources */,
				ADD80A1F1FC7AA28005908C4 /* ViewController.m in Sources */,
				6863D8B3204ADE0C00964CB1 /* UIView+EasyShowExt.m in Sources */,
				ADCD9DCE2057A28F00EDFC62 /* EasyTextGlobalConfig.m in Sources */,
				ADD80A2A1FC7AA28005908C4 /* main.m in Sources */,
				ADD80A1C1FC7AA28005908C4 /* AppDelegate.m in Sources */,
				6857F2B2205828C900AAEA33 /* EasyAlertGlobalConfig.m in Sources */,
				6863D8B2204ADE0C00964CB1 /* EasyShowLabel.m in Sources */,
				ADCD9DF72058AFA200EDFC62 /* EasyEmptyPart.m in Sources */,
				6857F2B1205828C900AAEA33 /* EasyAlertConfig.m in Sources */,
				6857F2B6205829A200AAEA33 /* EasyAlertTypes.m in Sources */,
				ADCD9DEE2057CFCE00EDFC62 /* EasyEmptyConfig.m in Sources */,
				6863D8B1204ADE0C00964CB1 /* EasyShowUtils.m in Sources */,
				ADCD9DFA2058B21A00EDFC62 /* EasyAlertItem.m in Sources */,
				ADCD9DF02057CFCE00EDFC62 /* EasyEmptyGlobalConfig.m in Sources */,
				ADCD9DFD2058D35A00EDFC62 /* EasyAlertPart.m in Sources */,
				ADCD9DEF2057CFCE00EDFC62 /* EasyEmptyView.m in Sources */,
				ADCD9DD62057A59300EDFC62 /* EasyLoadingGlobalConfig.m in Sources */,
			);
			runOnlyForDeploymentPostprocessing = 0;
		};
		ADD80A2B1FC7AA28005908C4 /* Sources */ = {
			isa = PBXSourcesBuildPhase;
			buildActionMask = 2147483647;
			files = (
				ADD80A341FC7AA28005908C4 /* EasyShowViewDemoUITests.m in Sources */,
			);
			runOnlyForDeploymentPostprocessing = 0;
		};
/* End PBXSourcesBuildPhase section */

/* Begin PBXTargetDependency section */
		ADD80A311FC7AA28005908C4 /* PBXTargetDependency */ = {
			isa = PBXTargetDependency;
			target = ADD80A161FC7AA28005908C4 /* EasyShowViewDemo */;
			targetProxy = ADD80A301FC7AA28005908C4 /* PBXContainerItemProxy */;
		};
/* End PBXTargetDependency section */

/* Begin PBXVariantGroup section */
		ADD80A201FC7AA28005908C4 /* Main.storyboard */ = {
			isa = PBXVariantGroup;
			children = (
				ADD80A211FC7AA28005908C4 /* Base */,
			);
			name = Main.storyboard;
			sourceTree = "<group>";
		};
		ADD80A251FC7AA28005908C4 /* LaunchScreen.storyboard */ = {
			isa = PBXVariantGroup;
			children = (
				ADD80A261FC7AA28005908C4 /* Base */,
			);
			name = LaunchScreen.storyboard;
			sourceTree = "<group>";
		};
/* End PBXVariantGroup section */

/* Begin XCBuildConfiguration section */
		ADD80A361FC7AA29005908C4 /* Debug */ = {
			isa = XCBuildConfiguration;
			buildSettings = {
				ALWAYS_SEARCH_USER_PATHS = NO;
				CLANG_ANALYZER_NONNULL = YES;
				CLANG_ANALYZER_NUMBER_OBJECT_CONVERSION = YES_AGGRESSIVE;
				CLANG_CXX_LANGUAGE_STANDARD = "gnu++14";
				CLANG_CXX_LIBRARY = "libc++";
				CLANG_ENABLE_MODULES = YES;
				CLANG_ENABLE_OBJC_ARC = YES;
				CLANG_WARN_BLOCK_CAPTURE_AUTORELEASING = YES;
				CLANG_WARN_BOOL_CONVERSION = YES;
				CLANG_WARN_COMMA = YES;
				CLANG_WARN_CONSTANT_CONVERSION = YES;
				CLANG_WARN_DIRECT_OBJC_ISA_USAGE = YES_ERROR;
				CLANG_WARN_DOCUMENTATION_COMMENTS = YES;
				CLANG_WARN_EMPTY_BODY = YES;
				CLANG_WARN_ENUM_CONVERSION = YES;
				CLANG_WARN_INFINITE_RECURSION = YES;
				CLANG_WARN_INT_CONVERSION = YES;
				CLANG_WARN_NON_LITERAL_NULL_CONVERSION = YES;
				CLANG_WARN_OBJC_LITERAL_CONVERSION = YES;
				CLANG_WARN_OBJC_ROOT_CLASS = YES_ERROR;
				CLANG_WARN_RANGE_LOOP_ANALYSIS = YES;
				CLANG_WARN_STRICT_PROTOTYPES = YES;
				CLANG_WARN_SUSPICIOUS_MOVE = YES;
				CLANG_WARN_UNGUARDED_AVAILABILITY = YES_AGGRESSIVE;
				CLANG_WARN_UNREACHABLE_CODE = YES;
				CLANG_WARN__DUPLICATE_METHOD_MATCH = YES;
				CODE_SIGN_IDENTITY = "iPhone Developer";
				COPY_PHASE_STRIP = NO;
				DEBUG_INFORMATION_FORMAT = dwarf;
				ENABLE_STRICT_OBJC_MSGSEND = YES;
				ENABLE_TESTABILITY = YES;
				GCC_C_LANGUAGE_STANDARD = gnu11;
				GCC_DYNAMIC_NO_PIC = NO;
				GCC_NO_COMMON_BLOCKS = YES;
				GCC_OPTIMIZATION_LEVEL = 0;
				GCC_PREPROCESSOR_DEFINITIONS = (
					"DEBUG=1",
					"$(inherited)",
				);
				GCC_WARN_64_TO_32_BIT_CONVERSION = YES;
				GCC_WARN_ABOUT_RETURN_TYPE = YES_ERROR;
				GCC_WARN_UNDECLARED_SELECTOR = YES;
				GCC_WARN_UNINITIALIZED_AUTOS = YES_AGGRESSIVE;
				GCC_WARN_UNUSED_FUNCTION = YES;
				GCC_WARN_UNUSED_VARIABLE = YES;
				IPHONEOS_DEPLOYMENT_TARGET = 8.0;
				MTL_ENABLE_DEBUG_INFO = YES;
				ONLY_ACTIVE_ARCH = YES;
				SDKROOT = iphoneos;
			};
			name = Debug;
		};
		ADD80A371FC7AA29005908C4 /* Release */ = {
			isa = XCBuildConfiguration;
			buildSettings = {
				ALWAYS_SEARCH_USER_PATHS = NO;
				CLANG_ANALYZER_NONNULL = YES;
				CLANG_ANALYZER_NUMBER_OBJECT_CONVERSION = YES_AGGRESSIVE;
				CLANG_CXX_LANGUAGE_STANDARD = "gnu++14";
				CLANG_CXX_LIBRARY = "libc++";
				CLANG_ENABLE_MODULES = YES;
				CLANG_ENABLE_OBJC_ARC = YES;
				CLANG_WARN_BLOCK_CAPTURE_AUTORELEASING = YES;
				CLANG_WARN_BOOL_CONVERSION = YES;
				CLANG_WARN_COMMA = YES;
				CLANG_WARN_CONSTANT_CONVERSION = YES;
				CLANG_WARN_DIRECT_OBJC_ISA_USAGE = YES_ERROR;
				CLANG_WARN_DOCUMENTATION_COMMENTS = YES;
				CLANG_WARN_EMPTY_BODY = YES;
				CLANG_WARN_ENUM_CONVERSION = YES;
				CLANG_WARN_INFINITE_RECURSION = YES;
				CLANG_WARN_INT_CONVERSION = YES;
				CLANG_WARN_NON_LITERAL_NULL_CONVERSION = YES;
				CLANG_WARN_OBJC_LITERAL_CONVERSION = YES;
				CLANG_WARN_OBJC_ROOT_CLASS = YES_ERROR;
				CLANG_WARN_RANGE_LOOP_ANALYSIS = YES;
				CLANG_WARN_STRICT_PROTOTYPES = YES;
				CLANG_WARN_SUSPICIOUS_MOVE = YES;
				CLANG_WARN_UNGUARDED_AVAILABILITY = YES_AGGRESSIVE;
				CLANG_WARN_UNREACHABLE_CODE = YES;
				CLANG_WARN__DUPLICATE_METHOD_MATCH = YES;
				CODE_SIGN_IDENTITY = "iPhone Developer";
				COPY_PHASE_STRIP = NO;
				DEBUG_INFORMATION_FORMAT = "dwarf-with-dsym";
				ENABLE_NS_ASSERTIONS = NO;
				ENABLE_STRICT_OBJC_MSGSEND = YES;
				GCC_C_LANGUAGE_STANDARD = gnu11;
				GCC_NO_COMMON_BLOCKS = YES;
				GCC_WARN_64_TO_32_BIT_CONVERSION = YES;
				GCC_WARN_ABOUT_RETURN_TYPE = YES_ERROR;
				GCC_WARN_UNDECLARED_SELECTOR = YES;
				GCC_WARN_UNINITIALIZED_AUTOS = YES_AGGRESSIVE;
				GCC_WARN_UNUSED_FUNCTION = YES;
				GCC_WARN_UNUSED_VARIABLE = YES;
				IPHONEOS_DEPLOYMENT_TARGET = 8.0;
				MTL_ENABLE_DEBUG_INFO = NO;
				SDKROOT = iphoneos;
				VALIDATE_PRODUCT = YES;
			};
			name = Release;
		};
		ADD80A391FC7AA29005908C4 /* Debug */ = {
			isa = XCBuildConfiguration;
			buildSettings = {
				ASSETCATALOG_COMPILER_APPICON_NAME = AppIcon;
				CODE_SIGN_STYLE = Automatic;
				DEVELOPMENT_TEAM = 6E6MDA8TQW;
				FRAMEWORK_SEARCH_PATHS = (
					"$(inherited)",
					"$(PROJECT_DIR)/EasyShowViewDemo",
				);
				INFOPLIST_FILE = EasyShowViewDemo/Info.plist;
				IPHONEOS_DEPLOYMENT_TARGET = 8.0;
				LD_RUNPATH_SEARCH_PATHS = "$(inherited) @executable_path/Frameworks";
				PRODUCT_BUNDLE_IDENTIFIER = chenliangloveyou.EasyShowViewDemo;
				PRODUCT_NAME = "$(TARGET_NAME)";
				TARGETED_DEVICE_FAMILY = "1,2";
			};
			name = Debug;
		};
		ADD80A3A1FC7AA29005908C4 /* Release */ = {
			isa = XCBuildConfiguration;
			buildSettings = {
				ASSETCATALOG_COMPILER_APPICON_NAME = AppIcon;
				CODE_SIGN_STYLE = Automatic;
				DEVELOPMENT_TEAM = 6E6MDA8TQW;
				FRAMEWORK_SEARCH_PATHS = (
					"$(inherited)",
					"$(PROJECT_DIR)/EasyShowViewDemo",
				);
				INFOPLIST_FILE = EasyShowViewDemo/Info.plist;
				IPHONEOS_DEPLOYMENT_TARGET = 8.0;
				LD_RUNPATH_SEARCH_PATHS = "$(inherited) @executable_path/Frameworks";
				PRODUCT_BUNDLE_IDENTIFIER = chenliangloveyou.EasyShowViewDemo;
				PRODUCT_NAME = "$(TARGET_NAME)";
				TARGETED_DEVICE_FAMILY = "1,2";
			};
			name = Release;
		};
		ADD80A3C1FC7AA29005908C4 /* Debug */ = {
			isa = XCBuildConfiguration;
			buildSettings = {
				CODE_SIGN_STYLE = Automatic;
				DEVELOPMENT_TEAM = 6E6MDA8TQW;
				INFOPLIST_FILE = EasyShowViewDemoUITests/Info.plist;
				LD_RUNPATH_SEARCH_PATHS = "$(inherited) @executable_path/Frameworks @loader_path/Frameworks";
				PRODUCT_BUNDLE_IDENTIFIER = chenliangloveyou.EasyShowViewDemoUITests;
				PRODUCT_NAME = "$(TARGET_NAME)";
				TARGETED_DEVICE_FAMILY = "1,2";
				TEST_TARGET_NAME = EasyShowViewDemo;
			};
			name = Debug;
		};
		ADD80A3D1FC7AA29005908C4 /* Release */ = {
			isa = XCBuildConfiguration;
			buildSettings = {
				CODE_SIGN_STYLE = Automatic;
				DEVELOPMENT_TEAM = 6E6MDA8TQW;
				INFOPLIST_FILE = EasyShowViewDemoUITests/Info.plist;
				LD_RUNPATH_SEARCH_PATHS = "$(inherited) @executable_path/Frameworks @loader_path/Frameworks";
				PRODUCT_BUNDLE_IDENTIFIER = chenliangloveyou.EasyShowViewDemoUITests;
				PRODUCT_NAME = "$(TARGET_NAME)";
				TARGETED_DEVICE_FAMILY = "1,2";
				TEST_TARGET_NAME = EasyShowViewDemo;
			};
			name = Release;
		};
/* End XCBuildConfiguration section */

/* Begin XCConfigurationList section */
		ADD80A121FC7AA28005908C4 /* Build configuration list for PBXProject "EasyShowViewDemo" */ = {
			isa = XCConfigurationList;
			buildConfigurations = (
				ADD80A361FC7AA29005908C4 /* Debug */,
				ADD80A371FC7AA29005908C4 /* Release */,
			);
			defaultConfigurationIsVisible = 0;
			defaultConfigurationName = Release;
		};
		ADD80A381FC7AA29005908C4 /* Build configuration list for PBXNativeTarget "EasyShowViewDemo" */ = {
			isa = XCConfigurationList;
			buildConfigurations = (
				ADD80A391FC7AA29005908C4 /* Debug */,
				ADD80A3A1FC7AA29005908C4 /* Release */,
			);
			defaultConfigurationIsVisible = 0;
			defaultConfigurationName = Release;
		};
		ADD80A3B1FC7AA29005908C4 /* Build configuration list for PBXNativeTarget "EasyShowViewDemoUITests" */ = {
			isa = XCConfigurationList;
			buildConfigurations = (
				ADD80A3C1FC7AA29005908C4 /* Debug */,
				ADD80A3D1FC7AA29005908C4 /* Release */,
			);
			defaultConfigurationIsVisible = 0;
			defaultConfigurationName = Release;
		};
/* End XCConfigurationList section */
	};
	rootObject = ADD80A0F1FC7AA28005908C4 /* Project object */;
}
