// !$*UTF8*$!
{
	archiveVersion = 1;
	classes = {
	};
	objectVersion = 48;
	objects = {

/* Begin PBXBuildFile section */
		680817081FC86C1200A47111 /* EasyShowOptions.m in Sources */ = {isa = PBXBuildFile; fileRef = 680817071FC86C1200A47111 /* EasyShowOptions.m */; };
		6808170C1FCB6D6900A47111 /* HUD_NF@2x.png in Resources */ = {isa = PBXBuildFile; fileRef = 6808170B1FCB6D6900A47111 /* HUD_NF@2x.png */; };
		6808170F1FCB756700A47111 /* EasyShowTextBgView.m in Sources */ = {isa = PBXBuildFile; fileRef = 6808170E1FCB756700A47111 /* EasyShowTextBgView.m */; };
		6810CFC91FE92520002253D9 /* Assets.xcassets in Resources */ = {isa = PBXBuildFile; fileRef = 6810CFC81FE92520002253D9 /* Assets.xcassets */; };
		6886C7A31FEE16B6001124B7 /* SecondViewController.m in Sources */ = {isa = PBXBuildFile; fileRef = 6886C7A21FEE16B6001124B7 /* SecondViewController.m */; };
		AD0D12511FEA2F2800D66786 /* EasyShowTypes.m in Sources */ = {isa = PBXBuildFile; fileRef = AD0D12501FEA2F2800D66786 /* EasyShowTypes.m */; };
		AD0D12541FEA2F9E00D66786 /* EasyShowLabel.m in Sources */ = {isa = PBXBuildFile; fileRef = AD0D12531FEA2F9E00D66786 /* EasyShowLabel.m */; };
		AD944B821FE25988006A9BE1 /* EasyShowTextView.m in Sources */ = {isa = PBXBuildFile; fileRef = AD944B811FE25988006A9BE1 /* EasyShowTextView.m */; };
		AD944B851FE25996006A9BE1 /* EasyShowLodingView.m in Sources */ = {isa = PBXBuildFile; fileRef = AD944B841FE25996006A9BE1 /* EasyShowLodingView.m */; };
		AD944B881FE259AB006A9BE1 /* EasyShowAlertView.m in Sources */ = {isa = PBXBuildFile; fileRef = AD944B871FE259AB006A9BE1 /* EasyShowAlertView.m */; };
		ADD80A1C1FC7AA28005908C4 /* AppDelegate.m in Sources */ = {isa = PBXBuildFile; fileRef = ADD80A1B1FC7AA28005908C4 /* AppDelegate.m */; };
		ADD80A1F1FC7AA28005908C4 /* ViewController.m in Sources */ = {isa = PBXBuildFile; fileRef = ADD80A1E1FC7AA28005908C4 /* ViewController.m */; };
		ADD80A221FC7AA28005908C4 /* Main.storyboard in Resources */ = {isa = PBXBuildFile; fileRef = ADD80A201FC7AA28005908C4 /* Main.storyboard */; };
		ADD80A271FC7AA28005908C4 /* LaunchScreen.storyboard in Resources */ = {isa = PBXBuildFile; fileRef = ADD80A251FC7AA28005908C4 /* LaunchScreen.storyboard */; };
		ADD80A2A1FC7AA28005908C4 /* main.m in Sources */ = {isa = PBXBuildFile; fileRef = ADD80A291FC7AA28005908C4 /* main.m */; };
		ADD80A341FC7AA28005908C4 /* EasyShowViewDemoUITests.m in Sources */ = {isa = PBXBuildFile; fileRef = ADD80A331FC7AA28005908C4 /* EasyShowViewDemoUITests.m */; };
		ADD80A441FC7EF36005908C4 /* EasyShowUtils.m in Sources */ = {isa = PBXBuildFile; fileRef = ADD80A431FC7EF36005908C4 /* EasyShowUtils.m */; };
		ADD80A471FC7F934005908C4 /* UIView+EasyShowExt.m in Sources */ = {isa = PBXBuildFile; fileRef = ADD80A461FC7F934005908C4 /* UIView+EasyShowExt.m */; };
/* End PBXBuildFile section */

/* Begin PBXContainerItemProxy section */
		ADD80A301FC7AA28005908C4 /* PBXContainerItemProxy */ = {
			isa = PBXContainerItemProxy;
			containerPortal = ADD80A0F1FC7AA28005908C4 /* Project object */;
			proxyType = 1;
			remoteGlobalIDString = ADD80A161FC7AA28005908C4;
			remoteInfo = EasyShowViewDemo;
		};
/* End PBXContainerItemProxy section */

/* Begin PBXFileReference section */
		680817061FC86C1200A47111 /* EasyShowOptions.h */ = {isa = PBXFileReference; lastKnownFileType = sourcecode.c.h; path = EasyShowOptions.h; sourceTree = "<group>"; };
		680817071FC86C1200A47111 /* EasyShowOptions.m */ = {isa = PBXFileReference; lastKnownFileType = sourcecode.c.objc; path = EasyShowOptions.m; sourceTree = "<group>"; };
		6808170B1FCB6D6900A47111 /* HUD_NF@2x.png */ = {isa = PBXFileReference; lastKnownFileType = image.png; path = "HUD_NF@2x.png"; sourceTree = "<group>"; };
		6808170D1FCB756700A47111 /* EasyShowTextBgView.h */ = {isa = PBXFileReference; lastKnownFileType = sourcecode.c.h; path = EasyShowTextBgView.h; sourceTree = "<group>"; };
		6808170E1FCB756700A47111 /* EasyShowTextBgView.m */ = {isa = PBXFileReference; lastKnownFileType = sourcecode.c.objc; path = EasyShowTextBgView.m; sourceTree = "<group>"; };
		6810CFC81FE92520002253D9 /* Assets.xcassets */ = {isa = PBXFileReference; lastKnownFileType = folder.assetcatalog; path = Assets.xcassets; sourceTree = "<group>"; };
		6886C7A11FEE16B6001124B7 /* SecondViewController.h */ = {isa = PBXFileReference; lastKnownFileType = sourcecode.c.h; path = SecondViewController.h; sourceTree = "<group>"; };
		6886C7A21FEE16B6001124B7 /* SecondViewController.m */ = {isa = PBXFileReference; lastKnownFileType = sourcecode.c.objc; path = SecondViewController.m; sourceTree = "<group>"; };
		68D65C861FD04B8C00629574 /* EasyShow.h */ = {isa = PBXFileReference; lastKnownFileType = sourcecode.c.h; path = EasyShow.h; sourceTree = "<group>"; };
		AD0D124F1FEA2F2800D66786 /* EasyShowTypes.h */ = {isa = PBXFileReference; lastKnownFileType = sourcecode.c.h; path = EasyShowTypes.h; sourceTree = "<group>"; };
		AD0D12501FEA2F2800D66786 /* EasyShowTypes.m */ = {isa = PBXFileReference; lastKnownFileType = sourcecode.c.objc; path = EasyShowTypes.m; sourceTree = "<group>"; };
		AD0D12521FEA2F9E00D66786 /* EasyShowLabel.h */ = {isa = PBXFileReference; lastKnownFileType = sourcecode.c.h; path = EasyShowLabel.h; sourceTree = "<group>"; };
		AD0D12531FEA2F9E00D66786 /* EasyShowLabel.m */ = {isa = PBXFileReference; lastKnownFileType = sourcecode.c.objc; path = EasyShowLabel.m; sourceTree = "<group>"; };
		AD944B801FE25988006A9BE1 /* EasyShowTextView.h */ = {isa = PBXFileReference; lastKnownFileType = sourcecode.c.h; path = EasyShowTextView.h; sourceTree = "<group>"; };
		AD944B811FE25988006A9BE1 /* EasyShowTextView.m */ = {isa = PBXFileReference; lastKnownFileType = sourcecode.c.objc; path = EasyShowTextView.m; sourceTree = "<group>"; };
		AD944B831FE25996006A9BE1 /* EasyShowLodingView.h */ = {isa = PBXFileReference; lastKnownFileType = sourcecode.c.h; path = EasyShowLodingView.h; sourceTree = "<group>"; };
		AD944B841FE25996006A9BE1 /* EasyShowLodingView.m */ = {isa = PBXFileReference; lastKnownFileType = sourcecode.c.objc; path = EasyShowLodingView.m; sourceTree = "<group>"; };
		AD944B861FE259AB006A9BE1 /* EasyShowAlertView.h */ = {isa = PBXFileReference; lastKnownFileType = sourcecode.c.h; path = EasyShowAlertView.h; sourceTree = "<group>"; };
		AD944B871FE259AB006A9BE1 /* EasyShowAlertView.m */ = {isa = PBXFileReference; lastKnownFileType = sourcecode.c.objc; path = EasyShowAlertView.m; sourceTree = "<group>"; };
		ADD80A171FC7AA28005908C4 /* EasyShowViewDemo.app */ = {isa = PBXFileReference; explicitFileType = wrapper.application; includeInIndex = 0; path = EasyShowViewDemo.app; sourceTree = BUILT_PRODUCTS_DIR; };
		ADD80A1A1FC7AA28005908C4 /* AppDelegate.h */ = {isa = PBXFileReference; lastKnownFileType = sourcecode.c.h; path = AppDelegate.h; sourceTree = "<group>"; };
		ADD80A1B1FC7AA28005908C4 /* AppDelegate.m */ = {isa = PBXFileReference; lastKnownFileType = sourcecode.c.objc; path = AppDelegate.m; sourceTree = "<group>"; };
		ADD80A1D1FC7AA28005908C4 /* ViewController.h */ = {isa = PBXFileReference; lastKnownFileType = sourcecode.c.h; path = ViewController.h; sourceTree = "<group>"; };
		ADD80A1E1FC7AA28005908C4 /* ViewController.m */ = {isa = PBXFileReference; lastKnownFileType = sourcecode.c.objc; path = ViewController.m; sourceTree = "<group>"; };
		ADD80A211FC7AA28005908C4 /* Base */ = {isa = PBXFileReference; lastKnownFileType = file.storyboard; name = Base; path = Base.lproj/Main.storyboard; sourceTree = "<group>"; };
		ADD80A261FC7AA28005908C4 /* Base */ = {isa = PBXFileReference; lastKnownFileType = file.storyboard; name = Base; path = Base.lproj/LaunchScreen.storyboard; sourceTree = "<group>"; };
		ADD80A281FC7AA28005908C4 /* Info.plist */ = {isa = PBXFileReference; lastKnownFileType = text.plist.xml; path = Info.plist; sourceTree = "<group>"; };
		ADD80A291FC7AA28005908C4 /* main.m */ = {isa = PBXFileReference; lastKnownFileType = sourcecode.c.objc; path = main.m; sourceTree = "<group>"; };
		ADD80A2F1FC7AA28005908C4 /* EasyShowViewDemoUITests.xctest */ = {isa = PBXFileReference; explicitFileType = wrapper.cfbundle; includeInIndex = 0; path = EasyShowViewDemoUITests.xctest; sourceTree = BUILT_PRODUCTS_DIR; };
		ADD80A331FC7AA28005908C4 /* EasyShowViewDemoUITests.m */ = {isa = PBXFileReference; lastKnownFileType = sourcecode.c.objc; path = EasyShowViewDemoUITests.m; sourceTree = "<group>"; };
		ADD80A351FC7AA29005908C4 /* Info.plist */ = {isa = PBXFileReference; lastKnownFileType = text.plist.xml; path = Info.plist; sourceTree = "<group>"; };
		ADD80A421FC7EF36005908C4 /* EasyShowUtils.h */ = {isa = PBXFileReference; lastKnownFileType = sourcecode.c.h; path = EasyShowUtils.h; sourceTree = "<group>"; };
		ADD80A431FC7EF36005908C4 /* EasyShowUtils.m */ = {isa = PBXFileReference; lastKnownFileType = sourcecode.c.objc; path = EasyShowUtils.m; sourceTree = "<group>"; };
		ADD80A451FC7F934005908C4 /* UIView+EasyShowExt.h */ = {isa = PBXFileReference; lastKnownFileType = sourcecode.c.h; path = "UIView+EasyShowExt.h"; sourceTree = "<group>"; };
		ADD80A461FC7F934005908C4 /* UIView+EasyShowExt.m */ = {isa = PBXFileReference; lastKnownFileType = sourcecode.c.objc; path = "UIView+EasyShowExt.m"; sourceTree = "<group>"; };
/* End PBXFileReference section */

/* Begin PBXFrameworksBuildPhase section */
		ADD80A141FC7AA28005908C4 /* Frameworks */ = {
			isa = PBXFrameworksBuildPhase;
			buildActionMask = 2147483647;
			files = (
			);
			runOnlyForDeploymentPostprocessing = 0;
		};
		ADD80A2C1FC7AA28005908C4 /* Frameworks */ = {
			isa = PBXFrameworksBuildPhase;
			buildActionMask = 2147483647;
			files = (
			);
			runOnlyForDeploymentPostprocessing = 0;
		};
/* End PBXFrameworksBuildPhase section */

/* Begin PBXGroup section */
		ADD80A0E1FC7AA28005908C4 = {
			isa = PBXGroup;
			children = (
				ADD80A3E1FC7ACFD005908C4 /* EasyShowView */,
				ADD80A191FC7AA28005908C4 /* EasyShowViewDemo */,
				ADD80A321FC7AA28005908C4 /* EasyShowViewDemoUITests */,
				ADD80A181FC7AA28005908C4 /* Products */,
			);
			sourceTree = "<group>";
		};
		ADD80A181FC7AA28005908C4 /* Products */ = {
			isa = PBXGroup;
			children = (
				ADD80A171FC7AA28005908C4 /* EasyShowViewDemo.app */,
				ADD80A2F1FC7AA28005908C4 /* EasyShowViewDemoUITests.xctest */,
			);
			name = Products;
			sourceTree = "<group>";
		};
		ADD80A191FC7AA28005908C4 /* EasyShowViewDemo */ = {
			isa = PBXGroup;
			children = (
				ADD80A1A1FC7AA28005908C4 /* AppDelegate.h */,
				ADD80A1B1FC7AA28005908C4 /* AppDelegate.m */,
				ADD80A1D1FC7AA28005908C4 /* ViewController.h */,
				ADD80A1E1FC7AA28005908C4 /* ViewController.m */,
				6886C7A11FEE16B6001124B7 /* SecondViewController.h */,
				6886C7A21FEE16B6001124B7 /* SecondViewController.m */,
				6808170B1FCB6D6900A47111 /* HUD_NF@2x.png */,
				ADD80A201FC7AA28005908C4 /* Main.storyboard */,
				ADD80A251FC7AA28005908C4 /* LaunchScreen.storyboard */,
				6810CFC81FE92520002253D9 /* Assets.xcassets */,
				ADD80A281FC7AA28005908C4 /* Info.plist */,
				ADD80A291FC7AA28005908C4 /* main.m */,
			);
			path = EasyShowViewDemo;
			sourceTree = "<group>";
		};
		ADD80A321FC7AA28005908C4 /* EasyShowViewDemoUITests */ = {
			isa = PBXGroup;
			children = (
				ADD80A331FC7AA28005908C4 /* EasyShowViewDemoUITests.m */,
				ADD80A351FC7AA29005908C4 /* Info.plist */,
			);
			path = EasyShowViewDemoUITests;
			sourceTree = "<group>";
		};
		ADD80A3E1FC7ACFD005908C4 /* EasyShowView */ = {
			isa = PBXGroup;
			children = (
				68D65C861FD04B8C00629574 /* EasyShow.h */,
				AD944B801FE25988006A9BE1 /* EasyShowTextView.h */,
				AD944B811FE25988006A9BE1 /* EasyShowTextView.m */,
				AD944B831FE25996006A9BE1 /* EasyShowLodingView.h */,
				AD944B841FE25996006A9BE1 /* EasyShowLodingView.m */,
				AD944B861FE259AB006A9BE1 /* EasyShowAlertView.h */,
				AD944B871FE259AB006A9BE1 /* EasyShowAlertView.m */,
				AD0D124F1FEA2F2800D66786 /* EasyShowTypes.h */,
				AD0D12501FEA2F2800D66786 /* EasyShowTypes.m */,
				AD0D12521FEA2F9E00D66786 /* EasyShowLabel.h */,
				AD0D12531FEA2F9E00D66786 /* EasyShowLabel.m */,
				680817061FC86C1200A47111 /* EasyShowOptions.h */,
				680817071FC86C1200A47111 /* EasyShowOptions.m */,
				ADD80A421FC7EF36005908C4 /* EasyShowUtils.h */,
				ADD80A431FC7EF36005908C4 /* EasyShowUtils.m */,
				6808170D1FCB756700A47111 /* EasyShowTextBgView.h */,
				6808170E1FCB756700A47111 /* EasyShowTextBgView.m */,
				ADD80A451FC7F934005908C4 /* UIView+EasyShowExt.h */,
				ADD80A461FC7F934005908C4 /* UIView+EasyShowExt.m */,
			);
			path = EasyShowView;
			sourceTree = "<group>";
		};
/* End PBXGroup section */

/* Begin PBXNativeTarget section */
		ADD80A161FC7AA28005908C4 /* EasyShowViewDemo */ = {
			isa = PBXNativeTarget;
			buildConfigurationList = ADD80A381FC7AA29005908C4 /* Build configuration list for PBXNativeTarget "EasyShowViewDemo" */;
			buildPhases = (
				ADD80A131FC7AA28005908C4 /* Sources */,
				ADD80A141FC7AA28005908C4 /* Frameworks */,
				ADD80A151FC7AA28005908C4 /* Resources */,
			);
			buildRules = (
			);
			dependencies = (
			);
			name = EasyShowViewDemo;
			productName = EasyShowViewDemo;
			productReference = ADD80A171FC7AA28005908C4 /* EasyShowViewDemo.app */;
			productType = "com.apple.product-type.application";
		};
		ADD80A2E1FC7AA28005908C4 /* EasyShowViewDemoUITests */ = {
			isa = PBXNativeTarget;
			buildConfigurationList = ADD80A3B1FC7AA29005908C4 /* Build configuration list for PBXNativeTarget "EasyShowViewDemoUITests" */;
			buildPhases = (
				ADD80A2B1FC7AA28005908C4 /* Sources */,
				ADD80A2C1FC7AA28005908C4 /* Frameworks */,
				ADD80A2D1FC7AA28005908C4 /* Resources */,
			);
			buildRules = (
			);
			dependencies = (
				ADD80A311FC7AA28005908C4 /* PBXTargetDependency */,
			);
			name = EasyShowViewDemoUITests;
			productName = EasyShowViewDemoUITests;
			productReference = ADD80A2F1FC7AA28005908C4 /* EasyShowViewDemoUITests.xctest */;
			productType = "com.apple.product-type.bundle.ui-testing";
		};
/* End PBXNativeTarget section */

/* Begin PBXProject section */
		ADD80A0F1FC7AA28005908C4 /* Project object */ = {
			isa = PBXProject;
			attributes = {
				LastUpgradeCheck = 0910;
				ORGANIZATIONNAME = chenliangloveyou;
				TargetAttributes = {
					ADD80A161FC7AA28005908C4 = {
						CreatedOnToolsVersion = 9.1;
						ProvisioningStyle = Automatic;
					};
					ADD80A2E1FC7AA28005908C4 = {
						CreatedOnToolsVersion = 9.1;
						ProvisioningStyle = Automatic;
						TestTargetID = ADD80A161FC7AA28005908C4;
					};
				};
			};
			buildConfigurationList = ADD80A121FC7AA28005908C4 /* Build configuration list for PBXProject "EasyShowViewDemo" */;
			compatibilityVersion = "Xcode 8.0";
			developmentRegion = en;
			hasScannedForEncodings = 0;
			knownRegions = (
				en,
				Base,
			);
			mainGroup = ADD80A0E1FC7AA28005908C4;
			productRefGroup = ADD80A181FC7AA28005908C4 /* Products */;
			projectDirPath = "";
			projectRoot = "";
			targets = (
				ADD80A161FC7AA28005908C4 /* EasyShowViewDemo */,
				ADD80A2E1FC7AA28005908C4 /* EasyShowViewDemoUITests */,
			);
		};
/* End PBXProject section */

/* Begin PBXResourcesBuildPhase section */
		ADD80A151FC7AA28005908C4 /* Resources */ = {
			isa = PBXResourcesBuildPhase;
			buildActionMask = 2147483647;
			files = (
				6808170C1FCB6D6900A47111 /* HUD_NF@2x.png in Resources */,
				ADD80A271FC7AA28005908C4 /* LaunchScreen.storyboard in Resources */,
				ADD80A221FC7AA28005908C4 /* Main.storyboard in Resources */,
				6810CFC91FE92520002253D9 /* Assets.xcassets in Resources */,
			);
			runOnlyForDeploymentPostprocessing = 0;
		};
		ADD80A2D1FC7AA28005908C4 /* Resources */ = {
			isa = PBXResourcesBuildPhase;
			buildActionMask = 2147483647;
			files = (
			);
			runOnlyForDeploymentPostprocessing = 0;
		};
/* End PBXResourcesBuildPhase section */

/* Begin PBXSourcesBuildPhase section */
		ADD80A131FC7AA28005908C4 /* Sources */ = {
			isa = PBXSourcesBuildPhase;
			buildActionMask = 2147483647;
			files = (
				AD944B881FE259AB006A9BE1 /* EasyShowAlertView.m in Sources */,
				6886C7A31FEE16B6001124B7 /* SecondViewController.m in Sources */,
				ADD80A1F1FC7AA28005908C4 /* ViewController.m in Sources */,
				680817081FC86C1200A47111 /* EasyShowOptions.m in Sources */,
				6808170F1FCB756700A47111 /* EasyShowTextBgView.m in Sources */,
				ADD80A2A1FC7AA28005908C4 /* main.m in Sources */,
				AD944B821FE25988006A9BE1 /* EasyShowTextView.m in Sources */,
				ADD80A441FC7EF36005908C4 /* EasyShowUtils.m in Sources */,
				ADD80A1C1FC7AA28005908C4 /* AppDelegate.m in Sources */,
				AD944B851FE25996006A9BE1 /* EasyShowLodingView.m in Sources */,
				AD0D12511FEA2F2800D66786 /* EasyShowTypes.m in Sources */,
				AD0D12541FEA2F9E00D66786 /* EasyShowLabel.m in Sources */,
				ADD80A471FC7F934005908C4 /* UIView+EasyShowExt.m in Sources */,
			);
			runOnlyForDeploymentPostprocessing = 0;
		};
		ADD80A2B1FC7AA28005908C4 /* Sources */ = {
			isa = PBXSourcesBuildPhase;
			buildActionMask = 2147483647;
			files = (
				ADD80A341FC7AA28005908C4 /* EasyShowViewDemoUITests.m in Sources */,
			);
			runOnlyForDeploymentPostprocessing = 0;
		};
/* End PBXSourcesBuildPhase section */

/* Begin PBXTargetDependency section */
		ADD80A311FC7AA28005908C4 /* PBXTargetDependency */ = {
			isa = PBXTargetDependency;
			target = ADD80A161FC7AA28005908C4 /* EasyShowViewDemo */;
			targetProxy = ADD80A301FC7AA28005908C4 /* PBXContainerItemProxy */;
		};
/* End PBXTargetDependency section */

/* Begin PBXVariantGroup section */
		ADD80A201FC7AA28005908C4 /* Main.storyboard */ = {
			isa = PBXVariantGroup;
			children = (
				ADD80A211FC7AA28005908C4 /* Base */,
			);
			name = Main.storyboard;
			sourceTree = "<group>";
		};
		ADD80A251FC7AA28005908C4 /* LaunchScreen.storyboard */ = {
			isa = PBXVariantGroup;
			children = (
				ADD80A261FC7AA28005908C4 /* Base */,
			);
			name = LaunchScreen.storyboard;
			sourceTree = "<group>";
		};
/* End PBXVariantGroup section */

/* Begin XCBuildConfiguration section */
		ADD80A361FC7AA29005908C4 /* Debug */ = {
			isa = XCBuildConfiguration;
			buildSettings = {
				ALWAYS_SEARCH_USER_PATHS = NO;
				CLANG_ANALYZER_NONNULL = YES;
				CLANG_ANALYZER_NUMBER_OBJECT_CONVERSION = YES_AGGRESSIVE;
				CLANG_CXX_LANGUAGE_STANDARD = "gnu++14";
				CLANG_CXX_LIBRARY = "libc++";
				CLANG_ENABLE_MODULES = YES;
				CLANG_ENABLE_OBJC_ARC = YES;
				CLANG_WARN_BLOCK_CAPTURE_AUTORELEASING = YES;
				CLANG_WARN_BOOL_CONVERSION = YES;
				CLANG_WARN_COMMA = YES;
				CLANG_WARN_CONSTANT_CONVERSION = YES;
				CLANG_WARN_DIRECT_OBJC_ISA_USAGE = YES_ERROR;
				CLANG_WARN_DOCUMENTATION_COMMENTS = YES;
				CLANG_WARN_EMPTY_BODY = YES;
				CLANG_WARN_ENUM_CONVERSION = YES;
				CLANG_WARN_INFINITE_RECURSION = YES;
				CLANG_WARN_INT_CONVERSION = YES;
				CLANG_WARN_NON_LITERAL_NULL_CONVERSION = YES;
				CLANG_WARN_OBJC_LITERAL_CONVERSION = YES;
				CLANG_WARN_OBJC_ROOT_CLASS = YES_ERROR;
				CLANG_WARN_RANGE_LOOP_ANALYSIS = YES;
				CLANG_WARN_STRICT_PROTOTYPES = YES;
				CLANG_WARN_SUSPICIOUS_MOVE = YES;
				CLANG_WARN_UNGUARDED_AVAILABILITY = YES_AGGRESSIVE;
				CLANG_WARN_UNREACHABLE_CODE = YES;
				CLANG_WARN__DUPLICATE_METHOD_MATCH = YES;
				CODE_SIGN_IDENTITY = "iPhone Developer";
				COPY_PHASE_STRIP = NO;
				DEBUG_INFORMATION_FORMAT = dwarf;
				ENABLE_STRICT_OBJC_MSGSEND = YES;
				ENABLE_TESTABILITY = YES;
				GCC_C_LANGUAGE_STANDARD = gnu11;
				GCC_DYNAMIC_NO_PIC = NO;
				GCC_NO_COMMON_BLOCKS = YES;
				GCC_OPTIMIZATION_LEVEL = 0;
				GCC_PREPROCESSOR_DEFINITIONS = (
					"DEBUG=1",
					"$(inherited)",
				);
				GCC_WARN_64_TO_32_BIT_CONVERSION = YES;
				GCC_WARN_ABOUT_RETURN_TYPE = YES_ERROR;
				GCC_WARN_UNDECLARED_SELECTOR = YES;
				GCC_WARN_UNINITIALIZED_AUTOS = YES_AGGRESSIVE;
				GCC_WARN_UNUSED_FUNCTION = YES;
				GCC_WARN_UNUSED_VARIABLE = YES;
				IPHONEOS_DEPLOYMENT_TARGET = 11.1;
				MTL_ENABLE_DEBUG_INFO = YES;
				ONLY_ACTIVE_ARCH = YES;
				SDKROOT = iphoneos;
			};
			name = Debug;
		};
		ADD80A371FC7AA29005908C4 /* Release */ = {
			isa = XCBuildConfiguration;
			buildSettings = {
				ALWAYS_SEARCH_USER_PATHS = NO;
				CLANG_ANALYZER_NONNULL = YES;
				CLANG_ANALYZER_NUMBER_OBJECT_CONVERSION = YES_AGGRESSIVE;
				CLANG_CXX_LANGUAGE_STANDARD = "gnu++14";
				CLANG_CXX_LIBRARY = "libc++";
				CLANG_ENABLE_MODULES = YES;
				CLANG_ENABLE_OBJC_ARC = YES;
				CLANG_WARN_BLOCK_CAPTURE_AUTORELEASING = YES;
				CLANG_WARN_BOOL_CONVERSION = YES;
				CLANG_WARN_COMMA = YES;
				CLANG_WARN_CONSTANT_CONVERSION = YES;
				CLANG_WARN_DIRECT_OBJC_ISA_USAGE = YES_ERROR;
				CLANG_WARN_DOCUMENTATION_COMMENTS = YES;
				CLANG_WARN_EMPTY_BODY = YES;
				CLANG_WARN_ENUM_CONVERSION = YES;
				CLANG_WARN_INFINITE_RECURSION = YES;
				CLANG_WARN_INT_CONVERSION = YES;
				CLANG_WARN_NON_LITERAL_NULL_CONVERSION = YES;
				CLANG_WARN_OBJC_LITERAL_CONVERSION = YES;
				CLANG_WARN_OBJC_ROOT_CLASS = YES_ERROR;
				CLANG_WARN_RANGE_LOOP_ANALYSIS = YES;
				CLANG_WARN_STRICT_PROTOTYPES = YES;
				CLANG_WARN_SUSPICIOUS_MOVE = YES;
				CLANG_WARN_UNGUARDED_AVAILABILITY = YES_AGGRESSIVE;
				CLANG_WARN_UNREACHABLE_CODE = YES;
				CLANG_WARN__DUPLICATE_METHOD_MATCH = YES;
				CODE_SIGN_IDENTITY = "iPhone Developer";
				COPY_PHASE_STRIP = NO;
				DEBUG_INFORMATION_FORMAT = "dwarf-with-dsym";
				ENABLE_NS_ASSERTIONS = NO;
				ENABLE_STRICT_OBJC_MSGSEND = YES;
				GCC_C_LANGUAGE_STANDARD = gnu11;
				GCC_NO_COMMON_BLOCKS = YES;
				GCC_WARN_64_TO_32_BIT_CONVERSION = YES;
				GCC_WARN_ABOUT_RETURN_TYPE = YES_ERROR;
				GCC_WARN_UNDECLARED_SELECTOR = YES;
				GCC_WARN_UNINITIALIZED_AUTOS = YES_AGGRESSIVE;
				GCC_WARN_UNUSED_FUNCTION = YES;
				GCC_WARN_UNUSED_VARIABLE = YES;
				IPHONEOS_DEPLOYMENT_TARGET = 11.1;
				MTL_ENABLE_DEBUG_INFO = NO;
				SDKROOT = iphoneos;
				VALIDATE_PRODUCT = YES;
			};
			name = Release;
		};
		ADD80A391FC7AA29005908C4 /* Debug */ = {
			isa = XCBuildConfiguration;
			buildSettings = {
				ASSETCATALOG_COMPILER_APPICON_NAME = AppIcon;
				CODE_SIGN_STYLE = Automatic;
				DEVELOPMENT_TEAM = 6E6MDA8TQW;
				INFOPLIST_FILE = EasyShowViewDemo/Info.plist;
				IPHONEOS_DEPLOYMENT_TARGET = 8.0;
				LD_RUNPATH_SEARCH_PATHS = "$(inherited) @executable_path/Frameworks";
				PRODUCT_BUNDLE_IDENTIFIER = chenliangloveyou.EasyShowViewDemo;
				PRODUCT_NAME = "$(TARGET_NAME)";
				TARGETED_DEVICE_FAMILY = "1,2";
			};
			name = Debug;
		};
		ADD80A3A1FC7AA29005908C4 /* Release */ = {
			isa = XCBuildConfiguration;
			buildSettings = {
				ASSETCATALOG_COMPILER_APPICON_NAME = AppIcon;
				CODE_SIGN_STYLE = Automatic;
				DEVELOPMENT_TEAM = 6E6MDA8TQW;
				INFOPLIST_FILE = EasyShowViewDemo/Info.plist;
				IPHONEOS_DEPLOYMENT_TARGET = 8.0;
				LD_RUNPATH_SEARCH_PATHS = "$(inherited) @executable_path/Frameworks";
				PRODUCT_BUNDLE_IDENTIFIER = chenliangloveyou.EasyShowViewDemo;
				PRODUCT_NAME = "$(TARGET_NAME)";
				TARGETED_DEVICE_FAMILY = "1,2";
			};
			name = Release;
		};
		ADD80A3C1FC7AA29005908C4 /* Debug */ = {
			isa = XCBuildConfiguration;
			buildSettings = {
				CODE_SIGN_STYLE = Automatic;
				DEVELOPMENT_TEAM = 6E6MDA8TQW;
				INFOPLIST_FILE = EasyShowViewDemoUITests/Info.plist;
				LD_RUNPATH_SEARCH_PATHS = "$(inherited) @executable_path/Frameworks @loader_path/Frameworks";
				PRODUCT_BUNDLE_IDENTIFIER = chenliangloveyou.EasyShowViewDemoUITests;
				PRODUCT_NAME = "$(TARGET_NAME)";
				TARGETED_DEVICE_FAMILY = "1,2";
				TEST_TARGET_NAME = EasyShowViewDemo;
			};
			name = Debug;
		};
		ADD80A3D1FC7AA29005908C4 /* Release */ = {
			isa = XCBuildConfiguration;
			buildSettings = {
				CODE_SIGN_STYLE = Automatic;
				DEVELOPMENT_TEAM = 6E6MDA8TQW;
				INFOPLIST_FILE = EasyShowViewDemoUITests/Info.plist;
				LD_RUNPATH_SEARCH_PATHS = "$(inherited) @executable_path/Frameworks @loader_path/Frameworks";
				PRODUCT_BUNDLE_IDENTIFIER = chenliangloveyou.EasyShowViewDemoUITests;
				PRODUCT_NAME = "$(TARGET_NAME)";
				TARGETED_DEVICE_FAMILY = "1,2";
				TEST_TARGET_NAME = EasyShowViewDemo;
			};
			name = Release;
		};
/* End XCBuildConfiguration section */

/* Begin XCConfigurationList section */
		ADD80A121FC7AA28005908C4 /* Build configuration list for PBXProject "EasyShowViewDemo" */ = {
			isa = XCConfigurationList;
			buildConfigurations = (
				ADD80A361FC7AA29005908C4 /* Debug */,
				ADD80A371FC7AA29005908C4 /* Release */,
			);
			defaultConfigurationIsVisible = 0;
			defaultConfigurationName = Release;
		};
		ADD80A381FC7AA29005908C4 /* Build configuration list for PBXNativeTarget "EasyShowViewDemo" */ = {
			isa = XCConfigurationList;
			buildConfigurations = (
				ADD80A391FC7AA29005908C4 /* Debug */,
				ADD80A3A1FC7AA29005908C4 /* Release */,
			);
			defaultConfigurationIsVisible = 0;
			defaultConfigurationName = Release;
		};
		ADD80A3B1FC7AA29005908C4 /* Build configuration list for PBXNativeTarget "EasyShowViewDemoUITests" */ = {
			isa = XCConfigurationList;
			buildConfigurations = (
				ADD80A3C1FC7AA29005908C4 /* Debug */,
				ADD80A3D1FC7AA29005908C4 /* Release */,
			);
			defaultConfigurationIsVisible = 0;
			defaultConfigurationName = Release;
		};
/* End XCConfigurationList section */
	};
	rootObject = ADD80A0F1FC7AA28005908C4 /* Project object */;
}
